
Microsoft Visual Studio Solution File, Format Version 12.00
# Visual Studio Version 17
VisualStudioVersion = 17.9.34728.123
MinimumVisualStudioVersion = 10.0.40219.1
Project("{9A19103F-16F7-4668-BE54-9A1E7A4F7556}") = "ABCRetailersFunctions", "ABCRetailersFunctions.csproj", "{263D6CAA-5944-4B4B-9626-DAAA9B21E095}"
EndProject
Global
	GlobalSection(SolutionConfigurationPlatforms) = preSolution
		Debug|Any CPU = Debug|Any CPU
		Release|Any CPU = Release|Any CPU
	EndGlobalSection
	GlobalSection(ProjectConfigurationPlatforms) = postSolution
		{263D6CAA-5944-4B4B-9626-DAAA9B21E095}.Debug|Any CPU.ActiveCfg = Debug|Any CPU
		{263D6CAA-5944-4B4B-9626-DAAA9B21E095}.Debug|Any CPU.Build.0 = Debug|Any CPU
		{263D6CAA-5944-4B4B-9626-DAAA9B21E095}.Release|Any CPU.ActiveCfg = Release|Any CPU
		{263D6CAA-5944-4B4B-9626-DAAA9B21E095}.Release|Any CPU.Build.0 = Release|Any CPU
	EndGlobalSection
	GlobalSection(SolutionProperties) = preSolution
		HideSolutionNode = FALSE
	EndGlobalSection
	GlobalSection(ExtensibilityGlobals) = postSolution
		SolutionGuid = {1981DACA-ACEE-4B2C-852A-843D6AD6AA2F}
	EndGlobalSection
EndGlobal
